// !$*UTF8*$!
{
	archiveVersion = 1;
	classes = {
	};
	objectVersion = 46;
	objects = {

/* Begin PBXBuildFile section */
		EA4838211B838C20004C4BD5 /* AppDelegate.swift in Sources */ = {isa = PBXBuildFile; fileRef = EA4838201B838C20004C4BD5 /* AppDelegate.swift */; };
		EA4838231B838C20004C4BD5 /* ViewController.swift in Sources */ = {isa = PBXBuildFile; fileRef = EA4838221B838C20004C4BD5 /* ViewController.swift */; };
		EA4838261B838C20004C4BD5 /* Main.storyboard in Resources */ = {isa = PBXBuildFile; fileRef = EA4838241B838C20004C4BD5 /* Main.storyboard */; };
		EA4838281B838C20004C4BD5 /* Images.xcassets in Resources */ = {isa = PBXBuildFile; fileRef = EA4838271B838C20004C4BD5 /* Images.xcassets */; };
		EA48382B1B838C20004C4BD5 /* LaunchScreen.xib in Resources */ = {isa = PBXBuildFile; fileRef = EA4838291B838C20004C4BD5 /* LaunchScreen.xib */; };
		EA4838371B838C20004C4BD5 /* ScrollableViewTests.swift in Sources */ = {isa = PBXBuildFile; fileRef = EA4838361B838C20004C4BD5 /* ScrollableViewTests.swift */; };
		EA9E62441BBE2E2E00F97AD1 /* cloud127.png in Resources */ = {isa = PBXBuildFile; fileRef = EA9E62431BBE2E2E00F97AD1 /* cloud127.png */; };
		EAEF909B1BBB679A00B9A7D0 /* LCPageView.swift in Sources */ = {isa = PBXBuildFile; fileRef = EAEF909A1BBB679A00B9A7D0 /* LCPageView.swift */; };
		EAEF909D1BBC5CF700B9A7D0 /* LCScrollableView.swift in Sources */ = {isa = PBXBuildFile; fileRef = EAEF909C1BBC5CF700B9A7D0 /* LCScrollableView.swift */; };
		EAEF909F1BBC5D1100B9A7D0 /* ConstraintFactory.swift in Sources */ = {isa = PBXBuildFile; fileRef = EAEF909E1BBC5D1100B9A7D0 /* ConstraintFactory.swift */; };
		EAEF90A11BBC5D4E00B9A7D0 /* LCView.swift in Sources */ = {isa = PBXBuildFile; fileRef = EAEF90A01BBC5D4E00B9A7D0 /* LCView.swift */; };
/* End PBXBuildFile section */

/* Begin PBXContainerItemProxy section */
		EA4838311B838C20004C4BD5 /* PBXContainerItemProxy */ = {
			isa = PBXContainerItemProxy;
			containerPortal = EA4838131B838C20004C4BD5 /* Project object */;
			proxyType = 1;
			remoteGlobalIDString = EA48381A1B838C20004C4BD5;
			remoteInfo = ScrollableView;
		};
/* End PBXContainerItemProxy section */

/* Begin PBXFileReference section */
		EA48381B1B838C20004C4BD5 /* ScrollableView.app */ = {isa = PBXFileReference; explicitFileType = wrapper.application; includeInIndex = 0; path = ScrollableView.app; sourceTree = BUILT_PRODUCTS_DIR; };
		EA48381F1B838C20004C4BD5 /* Info.plist */ = {isa = PBXFileReference; lastKnownFileType = text.plist.xml; path = Info.plist; sourceTree = "<group>"; };
		EA4838201B838C20004C4BD5 /* AppDelegate.swift */ = {isa = PBXFileReference; lastKnownFileType = sourcecode.swift; path = AppDelegate.swift; sourceTree = "<group>"; };
		EA4838221B838C20004C4BD5 /* ViewController.swift */ = {isa = PBXFileReference; lastKnownFileType = sourcecode.swift; path = ViewController.swift; sourceTree = "<group>"; };
		EA4838251B838C20004C4BD5 /* Base */ = {isa = PBXFileReference; lastKnownFileType = file.storyboard; name = Base; path = Base.lproj/Main.storyboard; sourceTree = "<group>"; };
		EA4838271B838C20004C4BD5 /* Images.xcassets */ = {isa = PBXFileReference; lastKnownFileType = folder.assetcatalog; path = Images.xcassets; sourceTree = "<group>"; };
		EA48382A1B838C20004C4BD5 /* Base */ = {isa = PBXFileReference; lastKnownFileType = file.xib; name = Base; path = Base.lproj/LaunchScreen.xib; sourceTree = "<group>"; };
		EA4838301B838C20004C4BD5 /* ScrollableViewTests.xctest */ = {isa = PBXFileReference; explicitFileType = wrapper.cfbundle; includeInIndex = 0; path = ScrollableViewTests.xctest; sourceTree = BUILT_PRODUCTS_DIR; };
		EA4838351B838C20004C4BD5 /* Info.plist */ = {isa = PBXFileReference; lastKnownFileType = text.plist.xml; path = Info.plist; sourceTree = "<group>"; };
		EA4838361B838C20004C4BD5 /* ScrollableViewTests.swift */ = {isa = PBXFileReference; lastKnownFileType = sourcecode.swift; path = ScrollableViewTests.swift; sourceTree = "<group>"; };
		EA9E62431BBE2E2E00F97AD1 /* cloud127.png */ = {isa = PBXFileReference; lastKnownFileType = image.png; path = cloud127.png; sourceTree = "<group>"; };
		EAEF909A1BBB679A00B9A7D0 /* LCPageView.swift */ = {isa = PBXFileReference; fileEncoding = 4; lastKnownFileType = sourcecode.swift; path = LCPageView.swift; sourceTree = "<group>"; };
		EAEF909C1BBC5CF700B9A7D0 /* LCScrollableView.swift */ = {isa = PBXFileReference; fileEncoding = 4; lastKnownFileType = sourcecode.swift; path = LCScrollableView.swift; sourceTree = "<group>"; };
		EAEF909E1BBC5D1100B9A7D0 /* ConstraintFactory.swift */ = {isa = PBXFileReference; fileEncoding = 4; lastKnownFileType = sourcecode.swift; path = ConstraintFactory.swift; sourceTree = "<group>"; };
		EAEF90A01BBC5D4E00B9A7D0 /* LCView.swift */ = {isa = PBXFileReference; fileEncoding = 4; lastKnownFileType = sourcecode.swift; path = LCView.swift; sourceTree = "<group>"; };
/* End PBXFileReference section */

/* Begin PBXFrameworksBuildPhase section */
		EA4838181B838C20004C4BD5 /* Frameworks */ = {
			isa = PBXFrameworksBuildPhase;
			buildActionMask = 2147483647;
			files = (
			);
			runOnlyForDeploymentPostprocessing = 0;
		};
		EA48382D1B838C20004C4BD5 /* Frameworks */ = {
			isa = PBXFrameworksBuildPhase;
			buildActionMask = 2147483647;
			files = (
			);
			runOnlyForDeploymentPostprocessing = 0;
		};
/* End PBXFrameworksBuildPhase section */

/* Begin PBXGroup section */
		EA4838121B838C20004C4BD5 = {
			isa = PBXGroup;
			children = (
				EA48381D1B838C20004C4BD5 /* ScrollableView */,
				EA4838331B838C20004C4BD5 /* ScrollableViewTests */,
				EA48381C1B838C20004C4BD5 /* Products */,
			);
			sourceTree = "<group>";
		};
		EA48381C1B838C20004C4BD5 /* Products */ = {
			isa = PBXGroup;
			children = (
				EA48381B1B838C20004C4BD5 /* ScrollableView.app */,
				EA4838301B838C20004C4BD5 /* ScrollableViewTests.xctest */,
			);
			name = Products;
			sourceTree = "<group>";
		};
		EA48381D1B838C20004C4BD5 /* ScrollableView */ = {
			isa = PBXGroup;
			children = (
				EA4838201B838C20004C4BD5 /* AppDelegate.swift */,
				EA4838221B838C20004C4BD5 /* ViewController.swift */,
				EAEF909A1BBB679A00B9A7D0 /* LCPageView.swift */,
				EAEF909C1BBC5CF700B9A7D0 /* LCScrollableView.swift */,
				EA4838241B838C20004C4BD5 /* Main.storyboard */,
				EAEF909E1BBC5D1100B9A7D0 /* ConstraintFactory.swift */,
				EAEF90A01BBC5D4E00B9A7D0 /* LCView.swift */,
				EA4838271B838C20004C4BD5 /* Images.xcassets */,
				EA9E62431BBE2E2E00F97AD1 /* cloud127.png */,
				EA4838291B838C20004C4BD5 /* LaunchScreen.xib */,
				EA48381E1B838C20004C4BD5 /* Supporting Files */,
			);
			path = ScrollableView;
			sourceTree = "<group>";
		};
		EA48381E1B838C20004C4BD5 /* Supporting Files */ = {
			isa = PBXGroup;
			children = (
				EA48381F1B838C20004C4BD5 /* Info.plist */,
			);
			name = "Supporting Files";
			sourceTree = "<group>";
		};
		EA4838331B838C20004C4BD5 /* ScrollableViewTests */ = {
			isa = PBXGroup;
			children = (
				EA4838361B838C20004C4BD5 /* ScrollableViewTests.swift */,
				EA4838341B838C20004C4BD5 /* Supporting Files */,
			);
			path = ScrollableViewTests;
			sourceTree = "<group>";
		};
		EA4838341B838C20004C4BD5 /* Supporting Files */ = {
			isa = PBXGroup;
			children = (
				EA4838351B838C20004C4BD5 /* Info.plist */,
			);
			name = "Supporting Files";
			sourceTree = "<group>";
		};
/* End PBXGroup section */

/* Begin PBXNativeTarget section */
		EA48381A1B838C20004C4BD5 /* ScrollableView */ = {
			isa = PBXNativeTarget;
			buildConfigurationList = EA48383A1B838C20004C4BD5 /* Build configuration list for PBXNativeTarget "ScrollableView" */;
			buildPhases = (
				EA4838171B838C20004C4BD5 /* Sources */,
				EA4838181B838C20004C4BD5 /* Frameworks */,
				EA4838191B838C20004C4BD5 /* Resources */,
			);
			buildRules = (
			);
			dependencies = (
			);
			name = ScrollableView;
			productName = ScrollableView;
			productReference = EA48381B1B838C20004C4BD5 /* ScrollableView.app */;
			productType = "com.apple.product-type.application";
		};
		EA48382F1B838C20004C4BD5 /* ScrollableViewTests */ = {
			isa = PBXNativeTarget;
			buildConfigurationList = EA48383D1B838C20004C4BD5 /* Build configuration list for PBXNativeTarget "ScrollableViewTests" */;
			buildPhases = (
				EA48382C1B838C20004C4BD5 /* Sources */,
				EA48382D1B838C20004C4BD5 /* Frameworks */,
				EA48382E1B838C20004C4BD5 /* Resources */,
			);
			buildRules = (
			);
			dependencies = (
				EA4838321B838C20004C4BD5 /* PBXTargetDependency */,
			);
			name = ScrollableViewTests;
			productName = ScrollableViewTests;
			productReference = EA4838301B838C20004C4BD5 /* ScrollableViewTests.xctest */;
			productType = "com.apple.product-type.bundle.unit-test";
		};
/* End PBXNativeTarget section */

/* Begin PBXProject section */
		EA4838131B838C20004C4BD5 /* Project object */ = {
			isa = PBXProject;
			attributes = {
				LastSwiftUpdateCheck = 0700;
				LastUpgradeCheck = 0700;
				ORGANIZATIONNAME = "Khaled Taha";
				TargetAttributes = {
					EA48381A1B838C20004C4BD5 = {
						CreatedOnToolsVersion = 6.4;
					};
					EA48382F1B838C20004C4BD5 = {
						CreatedOnToolsVersion = 6.4;
						TestTargetID = EA48381A1B838C20004C4BD5;
					};
				};
			};
			buildConfigurationList = EA4838161B838C20004C4BD5 /* Build configuration list for PBXProject "ScrollableView" */;
			compatibilityVersion = "Xcode 3.2";
			developmentRegion = English;
			hasScannedForEncodings = 0;
			knownRegions = (
				en,
				Base,
			);
			mainGroup = EA4838121B838C20004C4BD5;
			productRefGroup = EA48381C1B838C20004C4BD5 /* Products */;
			projectDirPath = "";
			projectRoot = "";
			targets = (
				EA48381A1B838C20004C4BD5 /* ScrollableView */,
				EA48382F1B838C20004C4BD5 /* ScrollableViewTests */,
			);
		};
/* End PBXProject section */

/* Begin PBXResourcesBuildPhase section */
		EA4838191B838C20004C4BD5 /* Resources */ = {
			isa = PBXResourcesBuildPhase;
			buildActionMask = 2147483647;
			files = (
				EA9E62441BBE2E2E00F97AD1 /* cloud127.png in Resources */,
				EA4838261B838C20004C4BD5 /* Main.storyboard in Resources */,
				EA48382B1B838C20004C4BD5 /* LaunchScreen.xib in Resources */,
				EA4838281B838C20004C4BD5 /* Images.xcassets in Resources */,
			);
			runOnlyForDeploymentPostprocessing = 0;
		};
		EA48382E1B838C20004C4BD5 /* Resources */ = {
			isa = PBXResourcesBuildPhase;
			buildActionMask = 2147483647;
			files = (
			);
			runOnlyForDeploymentPostprocessing = 0;
		};
/* End PBXResourcesBuildPhase section */

/* Begin PBXSourcesBuildPhase section */
		EA4838171B838C20004C4BD5 /* Sources */ = {
			isa = PBXSourcesBuildPhase;
			buildActionMask = 2147483647;
			files = (
				EA4838231B838C20004C4BD5 /* ViewController.swift in Sources */,
				EA4838211B838C20004C4BD5 /* AppDelegate.swift in Sources */,
				EAEF909D1BBC5CF700B9A7D0 /* LCScrollableView.swift in Sources */,
				EAEF909B1BBB679A00B9A7D0 /* LCPageView.swift in Sources */,
				EAEF909F1BBC5D1100B9A7D0 /* ConstraintFactory.swift in Sources */,
				EAEF90A11BBC5D4E00B9A7D0 /* LCView.swift in Sources */,
			);
			runOnlyForDeploymentPostprocessing = 0;
		};
		EA48382C1B838C20004C4BD5 /* Sources */ = {
			isa = PBXSourcesBuildPhase;
			buildActionMask = 2147483647;
			files = (
				EA4838371B838C20004C4BD5 /* ScrollableViewTests.swift in Sources */,
			);
			runOnlyForDeploymentPostprocessing = 0;
		};
/* End PBXSourcesBuildPhase section */

/* Begin PBXTargetDependency section */
		EA4838321B838C20004C4BD5 /* PBXTargetDependency */ = {
			isa = PBXTargetDependency;
			target = EA48381A1B838C20004C4BD5 /* ScrollableView */;
			targetProxy = EA4838311B838C20004C4BD5 /* PBXContainerItemProxy */;
		};
/* End PBXTargetDependency section */

/* Begin PBXVariantGroup section */
		EA4838241B838C20004C4BD5 /* Main.storyboard */ = {
			isa = PBXVariantGroup;
			children = (
				EA4838251B838C20004C4BD5 /* Base */,
			);
			name = Main.storyboard;
			sourceTree = "<group>";
		};
		EA4838291B838C20004C4BD5 /* LaunchScreen.xib */ = {
			isa = PBXVariantGroup;
			children = (
				EA48382A1B838C20004C4BD5 /* Base */,
			);
			name = LaunchScreen.xib;
			sourceTree = "<group>";
		};
/* End PBXVariantGroup section */

/* Begin XCBuildConfiguration section */
		EA4838381B838C20004C4BD5 /* Debug */ = {
			isa = XCBuildConfiguration;
			buildSettings = {
				ALWAYS_SEARCH_USER_PATHS = NO;
				CLANG_CXX_LANGUAGE_STANDARD = "gnu++0x";
				CLANG_CXX_LIBRARY = "libc++";
				CLANG_ENABLE_MODULES = YES;
				CLANG_ENABLE_OBJC_ARC = YES;
				CLANG_WARN_BOOL_CONVERSION = YES;
				CLANG_WARN_CONSTANT_CONVERSION = YES;
				CLANG_WARN_DIRECT_OBJC_ISA_USAGE = YES_ERROR;
				CLANG_WARN_EMPTY_BODY = YES;
				CLANG_WARN_ENUM_CONVERSION = YES;
				CLANG_WARN_INT_CONVERSION = YES;
				CLANG_WARN_OBJC_ROOT_CLASS = YES_ERROR;
				CLANG_WARN_UNREACHABLE_CODE = YES;
				CLANG_WARN__DUPLICATE_METHOD_MATCH = YES;
				"CODE_SIGN_IDENTITY[sdk=iphoneos*]" = "iPhone Developer";
				COPY_PHASE_STRIP = NO;
				DEBUG_INFORMATION_FORMAT = "dwarf-with-dsym";
				ENABLE_STRICT_OBJC_MSGSEND = YES;
				ENABLE_TESTABILITY = YES;
				GCC_C_LANGUAGE_STANDARD = gnu99;
				GCC_DYNAMIC_NO_PIC = NO;
				GCC_NO_COMMON_BLOCKS = YES;
				GCC_OPTIMIZATION_LEVEL = 0;
				GCC_PREPROCESSOR_DEFINITIONS = (
					"DEBUG=1",
					"$(inherited)",
				);
				GCC_SYMBOLS_PRIVATE_EXTERN = NO;
				GCC_WARN_64_TO_32_BIT_CONVERSION = YES;
				GCC_WARN_ABOUT_RETURN_TYPE = YES_ERROR;
				GCC_WARN_UNDECLARED_SELECTOR = YES;
				GCC_WARN_UNINITIALIZED_AUTOS = YES_AGGRESSIVE;
				GCC_WARN_UNUSED_FUNCTION = YES;
				GCC_WARN_UNUSED_VARIABLE = YES;
				IPHONEOS_DEPLOYMENT_TARGET = 8.4;
				MTL_ENABLE_DEBUG_INFO = YES;
				ONLY_ACTIVE_ARCH = YES;
				SDKROOT = iphoneos;
				SWIFT_OPTIMIZATION_LEVEL = "-Onone";
			};
			name = Debug;
		};
		EA4838391B838C20004C4BD5 /* Release */ = {
			isa = XCBuildConfiguration;
			buildSettings = {
				ALWAYS_SEARCH_USER_PATHS = NO;
				CLANG_CXX_LANGUAGE_STANDARD = "gnu++0x";
				CLANG_CXX_LIBRARY = "libc++";
				CLANG_ENABLE_MODULES = YES;
				CLANG_ENABLE_OBJC_ARC = YES;
				CLANG_WARN_BOOL_CONVERSION = YES;
				CLANG_WARN_CONSTANT_CONVERSION = YES;
				CLANG_WARN_DIRECT_OBJC_ISA_USAGE = YES_ERROR;
				CLANG_WARN_EMPTY_BODY = YES;
				CLANG_WARN_ENUM_CONVERSION = YES;
				CLANG_WARN_INT_CONVERSION = YES;
				CLANG_WARN_OBJC_ROOT_CLASS = YES_ERROR;
				CLANG_WARN_UNREACHABLE_CODE = YES;
				CLANG_WARN__DUPLICATE_METHOD_MATCH = YES;
				"CODE_SIGN_IDENTITY[sdk=iphoneos*]" = "iPhone Developer";
				COPY_PHASE_STRIP = NO;
				DEBUG_INFORMATION_FORMAT = "dwarf-with-dsym";
				ENABLE_NS_ASSERTIONS = NO;
				ENABLE_STRICT_OBJC_MSGSEND = YES;
				GCC_C_LANGUAGE_STANDARD = gnu99;
				GCC_NO_COMMON_BLOCKS = YES;
				GCC_WARN_64_TO_32_BIT_CONVERSION = YES;
				GCC_WARN_ABOUT_RETURN_TYPE = YES_ERROR;
				GCC_WARN_UNDECLARED_SELECTOR = YES;
				GCC_WARN_UNINITIALIZED_AUTOS = YES_AGGRESSIVE;
				GCC_WARN_UNUSED_FUNCTION = YES;
				GCC_WARN_UNUSED_VARIABLE = YES;
				IPHONEOS_DEPLOYMENT_TARGET = 8.4;
				MTL_ENABLE_DEBUG_INFO = NO;
				SDKROOT = iphoneos;
				VALIDATE_PRODUCT = YES;
			};
			name = Release;
		};
		EA48383B1B838C20004C4BD5 /* Debug */ = {
			isa = XCBuildConfiguration;
			buildSettings = {
				ASSETCATALOG_COMPILER_APPICON_NAME = AppIcon;
				INFOPLIST_FILE = ScrollableView/Info.plist;
				LD_RUNPATH_SEARCH_PATHS = "$(inherited) @executable_path/Frameworks";
				PRODUCT_BUNDLE_IDENTIFIER = "tahakhaled.$(PRODUCT_NAME:rfc1034identifier)";
				PRODUCT_NAME = "$(TARGET_NAME)";
			};
			name = Debug;
		};
		EA48383C1B838C20004C4BD5 /* Release */ = {
			isa = XCBuildConfiguration;
			buildSettings = {
				ASSETCATALOG_COMPILER_APPICON_NAME = AppIcon;
				INFOPLIST_FILE = ScrollableView/Info.plist;
				LD_RUNPATH_SEARCH_PATHS = "$(inherited) @executable_path/Frameworks";
				PRODUCT_BUNDLE_IDENTIFIER = "tahakhaled.$(PRODUCT_NAME:rfc1034identifier)";
				PRODUCT_NAME = "$(TARGET_NAME)";
			};
			name = Release;
		};
		EA48383E1B838C20004C4BD5 /* Debug */ = {
			isa = XCBuildConfiguration;
			buildSettings = {
				BUNDLE_LOADER = "$(TEST_HOST)";
				FRAMEWORK_SEARCH_PATHS = (
					"$(SDKROOT)/Developer/Library/Frameworks",
					"$(inherited)",
				);
				GCC_PREPROCESSOR_DEFINITIONS = (
					"DEBUG=1",
					"$(inherited)",
				);
				INFOPLIST_FILE = ScrollableViewTests/Info.plist;
				LD_RUNPATH_SEARCH_PATHS = "$(inherited) @executable_path/Frameworks @loader_path/Frameworks";
				PRODUCT_BUNDLE_IDENTIFIER = "tahakhaled.$(PRODUCT_NAME:rfc1034identifier)";
				PRODUCT_NAME = "$(TARGET_NAME)";
				TEST_HOST = "$(BUILT_PRODUCTS_DIR)/ScrollableView.app/ScrollableView";
			};
			name = Debug;
		};
		EA48383F1B838C20004C4BD5 /* Release */ = {
			isa = XCBuildConfiguration;
			buildSettings = {
				BUNDLE_LOADER = "$(TEST_HOST)";
				FRAMEWORK_SEARCH_PATHS = (
					"$(SDKROOT)/Developer/Library/Frameworks",
					"$(inherited)",
				);
				INFOPLIST_FILE = ScrollableViewTests/Info.plist;
				LD_RUNPATH_SEARCH_PATHS = "$(inherited) @executable_path/Frameworks @loader_path/Frameworks";
				PRODUCT_BUNDLE_IDENTIFIER = "tahakhaled.$(PRODUCT_NAME:rfc1034identifier)";
				PRODUCT_NAME = "$(TARGET_NAME)";
				TEST_HOST = "$(BUILT_PRODUCTS_DIR)/ScrollableView.app/ScrollableView";
			};
			name = Release;
		};
/* End XCBuildConfiguration section */

/* Begin XCConfigurationList section */
		EA4838161B838C20004C4BD5 /* Build configuration list for PBXProject "ScrollableView" */ = {
			isa = XCConfigurationList;
			buildConfigurations = (
				EA4838381B838C20004C4BD5 /* Debug */,
				EA4838391B838C20004C4BD5 /* Release */,
			);
			defaultConfigurationIsVisible = 0;
			defaultConfigurationName = Release;
		};
		EA48383A1B838C20004C4BD5 /* Build configuration list for PBXNativeTarget "ScrollableView" */ = {
			isa = XCConfigurationList;
			buildConfigurations = (
				EA48383B1B838C20004C4BD5 /* Debug */,
				EA48383C1B838C20004C4BD5 /* Release */,
			);
			defaultConfigurationIsVisible = 0;
			defaultConfigurationName = Release;
		};
		EA48383D1B838C20004C4BD5 /* Build configuration list for PBXNativeTarget "ScrollableViewTests" */ = {
			isa = XCConfigurationList;
			buildConfigurations = (
				EA48383E1B838C20004C4BD5 /* Debug */,
				EA48383F1B838C20004C4BD5 /* Release */,
			);
			defaultConfigurationIsVisible = 0;
			defaultConfigurationName = Release;
		};
/* End XCConfigurationList section */
	};
	rootObject = EA4838131B838C20004C4BD5 /* Project object */;
}
